{
  "version": 4,
  "terraform_version": "1.14.8",
  "serial": 77,
  "lineage": "6b63db12-c8e8-675b-4ba9-f757ad946907",
  "outputs": {
    "dashboard_url": {
      "value": "https://sacloudstockasia777.z7.web.core.windows.net/",
      "type": "string"
    }
  },
  "resources": [
    {
      "mode": "data",
      "type": "azurerm_client_config",
      "name": "current",
      "provider": "provider[\"registry.terraform.io/hashicorp/azurerm\"]",
      "instances": [
        {
          "schema_version": 0,
          "attributes": {
            "client_id": "04b07795-8ddb-461a-bbee-02f9e1bf7b46",
            "id": "Y2xpZW50Q29uZmlncy9jbGllbnRJZD0wNGIwNzc5NS04ZGRiLTQ2MWEtYmJlZS0wMmY5ZTFiZjdiNDY7b2JqZWN0SWQ9OTllMDgzYmYtODNiMy00MWRkLTg5YzgtNDY0ZjJlNzU4YWM0O3N1YnNjcmlwdGlvbklkPWNlOGZjNzI5LTRjYzctNDY0Ni05NGM4LTE5NWVhZWQ2MjJkYjt0ZW5hbnRJZD0xZWM3OWE0Yi0xY2E3LTQ3NzgtOWI2NC03Y2RhZDIyMDIyMTE=",
            "object_id": "99e083bf-83b3-41dd-89c8-464f2e758ac4",
            "subscription_id": "ce8fc729-4cc7-4646-94c8-195eaed622db",
            "tenant_id": "1ec79a4b-1ca7-4778-9b64-7cdad2202211",
            "timeouts": null
          },
          "sensitive_attributes": [],
          "identity_schema_version": 0
        }
      ]
    },
    {
      "mode": "managed",
      "type": "azurerm_key_vault",
      "name": "kv",
      "provider": "provider[\"registry.terraform.io/hashicorp/azurerm\"]",
      "instances": [
        {
          "schema_version": 2,
          "attributes": {
            "access_policy": [
              {
                "application_id": "",
                "certificate_permissions": [],
                "key_permissions": [],
                "object_id": "99e083bf-83b3-41dd-89c8-464f2e758ac4",
                "secret_permissions": [
                  "Get",
                  "List",
                  "Set",
                  "Delete",
                  "Recover",
                  "Backup",
                  "Restore"
                ],
                "storage_permissions": [],
                "tenant_id": "1ec79a4b-1ca7-4778-9b64-7cdad2202211"
              },
              {
                "application_id": "",
                "certificate_permissions": [],
                "key_permissions": [],
                "object_id": "dd7d031a-a1dd-4885-b5a3-36113a02cb63",
                "secret_permissions": [
                  "Get"
                ],
                "storage_permissions": [],
                "tenant_id": "1ec79a4b-1ca7-4778-9b64-7cdad2202211"
              }
            ],
            "contact": [],
            "enable_rbac_authorization": false,
            "enabled_for_deployment": false,
            "enabled_for_disk_encryption": false,
            "enabled_for_template_deployment": false,
            "id": "/subscriptions/ce8fc729-4cc7-4646-94c8-195eaed622db/resourceGroups/rg-cloudstock-asia/providers/Microsoft.KeyVault/vaults/kv-cloudstock-asia-777",
            "location": "eastasia",
            "name": "kv-cloudstock-asia-777",
            "network_acls": [
              {
                "bypass": "AzureServices",
                "default_action": "Allow",
                "ip_rules": [],
                "virtual_network_subnet_ids": []
              }
            ],
            "public_network_access_enabled": true,
            "purge_protection_enabled": false,
            "resource_group_name": "rg-cloudstock-asia",
            "sku_name": "standard",
            "soft_delete_retention_days": 90,
            "tags": {},
            "tenant_id": "1ec79a4b-1ca7-4778-9b64-7cdad2202211",
            "timeouts": null,
            "vault_uri": "https://kv-cloudstock-asia-777.vault.azure.net/"
          },
          "sensitive_attributes": [],
          "identity_schema_version": 0,
          "private": "eyJlMmJmYjczMC1lY2FhLTExZTYtOGY4OC0zNDM2M2JjN2M0YzAiOnsiY3JlYXRlIjoxODAwMDAwMDAwMDAwLCJkZWxldGUiOjE4MDAwMDAwMDAwMDAsInJlYWQiOjMwMDAwMDAwMDAwMCwidXBkYXRlIjoxODAwMDAwMDAwMDAwfSwic2NoZW1hX3ZlcnNpb24iOiIyIn0=",
          "dependencies": [
            "azurerm_resource_group.rg",
            "data.azurerm_client_config.current"
          ]
        }
      ]
    },
    {
      "mode": "managed",
      "type": "azurerm_key_vault_access_policy",
      "name": "admin_policy",
      "provider": "provider[\"registry.terraform.io/hashicorp/azurerm\"]",
      "instances": [
        {
          "schema_version": 0,
          "attributes": {
            "application_id": "",
            "certificate_permissions": [],
            "id": "/subscriptions/ce8fc729-4cc7-4646-94c8-195eaed622db/resourceGroups/rg-cloudstock-asia/providers/Microsoft.KeyVault/vaults/kv-cloudstock-asia-777/objectId/99e083bf-83b3-41dd-89c8-464f2e758ac4",
            "key_permissions": [],
            "key_vault_id": "/subscriptions/ce8fc729-4cc7-4646-94c8-195eaed622db/resourceGroups/rg-cloudstock-asia/providers/Microsoft.KeyVault/vaults/kv-cloudstock-asia-777",
            "object_id": "99e083bf-83b3-41dd-89c8-464f2e758ac4",
            "secret_permissions": [
              "Get",
              "List",
              "Set",
              "Delete",
              "Recover",
              "Backup",
              "Restore"
            ],
            "storage_permissions": [],
            "tenant_id": "1ec79a4b-1ca7-4778-9b64-7cdad2202211",
            "timeouts": null
          },
          "sensitive_attributes": [],
          "identity_schema_version": 0,
          "private": "eyJlMmJmYjczMC1lY2FhLTExZTYtOGY4OC0zNDM2M2JjN2M0YzAiOnsiY3JlYXRlIjoxODAwMDAwMDAwMDAwLCJkZWxldGUiOjE4MDAwMDAwMDAwMDAsInJlYWQiOjMwMDAwMDAwMDAwMCwidXBkYXRlIjoxODAwMDAwMDAwMDAwfX0=",
          "dependencies": [
            "azurerm_key_vault.kv",
            "azurerm_resource_group.rg",
            "data.azurerm_client_config.current"
          ]
        }
      ]
    },
    {
      "mode": "managed",
      "type": "azurerm_key_vault_access_policy",
      "name": "func_kv_access",
      "provider": "provider[\"registry.terraform.io/hashicorp/azurerm\"]",
      "instances": [
        {
          "schema_version": 0,
          "attributes": {
            "application_id": "",
            "certificate_permissions": [],
            "id": "/subscriptions/ce8fc729-4cc7-4646-94c8-195eaed622db/resourceGroups/rg-cloudstock-asia/providers/Microsoft.KeyVault/vaults/kv-cloudstock-asia-777/objectId/dd7d031a-a1dd-4885-b5a3-36113a02cb63",
            "key_permissions": [],
            "key_vault_id": "/subscriptions/ce8fc729-4cc7-4646-94c8-195eaed622db/resourceGroups/rg-cloudstock-asia/providers/Microsoft.KeyVault/vaults/kv-cloudstock-asia-777",
            "object_id": "dd7d031a-a1dd-4885-b5a3-36113a02cb63",
            "secret_permissions": [
              "Get"
            ],
            "storage_permissions": [],
            "tenant_id": "1ec79a4b-1ca7-4778-9b64-7cdad2202211",
            "timeouts": null
          },
          "sensitive_attributes": [],
          "identity_schema_version": 0,
          "private": "eyJlMmJmYjczMC1lY2FhLTExZTYtOGY4OC0zNDM2M2JjN2M0YzAiOnsiY3JlYXRlIjoxODAwMDAwMDAwMDAwLCJkZWxldGUiOjE4MDAwMDAwMDAwMDAsInJlYWQiOjMwMDAwMDAwMDAwMCwidXBkYXRlIjoxODAwMDAwMDAwMDAwfX0=",
          "dependencies": [
            "azurerm_key_vault.kv",
            "azurerm_key_vault_access_policy.admin_policy",
            "azurerm_key_vault_secret.db_conn",
            "azurerm_linux_function_app.func",
            "azurerm_resource_group.rg",
            "azurerm_service_plan.app_plan",
            "azurerm_storage_account.sa",
            "data.azurerm_client_config.current"
          ]
        }
      ]
    },
    {
      "mode": "managed",
      "type": "azurerm_key_vault_secret",
      "name": "db_conn",
      "provider": "provider[\"registry.terraform.io/hashicorp/azurerm\"]",
      "instances": [
        {
          "schema_version": 0,
          "attributes": {
            "content_type": "",
            "expiration_date": null,
            "id": "https://kv-cloudstock-asia-777.vault.azure.net/secrets/StorageConnectionString/5fe18f53a979432c81b43b5aa1ce5cf0",
            "key_vault_id": "/subscriptions/ce8fc729-4cc7-4646-94c8-195eaed622db/resourceGroups/rg-cloudstock-asia/providers/Microsoft.KeyVault/vaults/kv-cloudstock-asia-777",
            "name": "StorageConnectionString",
            "not_before_date": null,
            "resource_id": "/subscriptions/ce8fc729-4cc7-4646-94c8-195eaed622db/resourceGroups/rg-cloudstock-asia/providers/Microsoft.KeyVault/vaults/kv-cloudstock-asia-777/secrets/StorageConnectionString/versions/5fe18f53a979432c81b43b5aa1ce5cf0",
            "resource_versionless_id": "/subscriptions/ce8fc729-4cc7-4646-94c8-195eaed622db/resourceGroups/rg-cloudstock-asia/providers/Microsoft.KeyVault/vaults/kv-cloudstock-asia-777/secrets/StorageConnectionString",
            "tags": {},
            "timeouts": null,
            "value": "DefaultEndpointsProtocol=https;AccountName=sacloudstockasia777;AccountKey=xitnD04AbT8egtrsmwmiguWVRW+SOJ6A0guCwGkl6zI+3SgqUpnFOb98U98/YzFZ5pxclt7bQXWi+AStvgKY4A==;EndpointSuffix=core.windows.net",
            "version": "5fe18f53a979432c81b43b5aa1ce5cf0",
            "versionless_id": "https://kv-cloudstock-asia-777.vault.azure.net/secrets/StorageConnectionString"
          },
          "sensitive_attributes": [
            [
              {
                "type": "get_attr",
                "value": "value"
              }
            ]
          ],
          "identity_schema_version": 0,
          "private": "eyJlMmJmYjczMC1lY2FhLTExZTYtOGY4OC0zNDM2M2JjN2M0YzAiOnsiY3JlYXRlIjoxODAwMDAwMDAwMDAwLCJkZWxldGUiOjE4MDAwMDAwMDAwMDAsInJlYWQiOjE4MDAwMDAwMDAwMDAsInVwZGF0ZSI6MTgwMDAwMDAwMDAwMH19",
          "dependencies": [
            "azurerm_key_vault.kv",
            "azurerm_key_vault_access_policy.admin_policy",
            "azurerm_resource_group.rg",
            "azurerm_storage_account.sa",
            "data.azurerm_client_config.current"
          ]
        }
      ]
    },
    {
      "mode": "managed",
      "type": "azurerm_linux_function_app",
      "name": "func",
      "provider": "provider[\"registry.terraform.io/hashicorp/azurerm\"]",
      "instances": [
        {
          "schema_version": 1,
          "attributes": {
            "app_settings": {
              "TABLE_STORAGE_CONNECTION": "@Microsoft.KeyVault(SecretUri=https://kv-cloudstock-asia-777.vault.azure.net/secrets/StorageConnectionString/5fe18f53a979432c81b43b5aa1ce5cf0)",
              "WEBSITE_RUN_FROM_PACKAGE": "1"
            },
            "auth_settings": [],
            "auth_settings_v2": [],
            "backup": [],
            "builtin_logging_enabled": true,
            "client_certificate_enabled": false,
            "client_certificate_exclusion_paths": "",
            "client_certificate_mode": "Optional",
            "connection_string": [],
            "content_share_force_disabled": false,
            "custom_domain_verification_id": "34FE11E1DD026C0C6B8758CDF7047915DD60D39BC78627708DAC84D708E477D7",
            "daily_memory_time_quota": 0,
            "default_hostname": "func-cloudstock-asia-777.azurewebsites.net",
            "enabled": true,
            "ftp_publish_basic_authentication_enabled": true,
            "functions_extension_version": "~4",
            "hosting_environment_id": "",
            "https_only": false,
            "id": "/subscriptions/ce8fc729-4cc7-4646-94c8-195eaed622db/resourceGroups/rg-cloudstock-asia/providers/Microsoft.Web/sites/func-cloudstock-asia-777",
            "identity": [
              {
                "identity_ids": [],
                "principal_id": "dd7d031a-a1dd-4885-b5a3-36113a02cb63",
                "tenant_id": "1ec79a4b-1ca7-4778-9b64-7cdad2202211",
                "type": "SystemAssigned"
              }
            ],
            "key_vault_reference_identity_id": "SystemAssigned",
            "kind": "functionapp,linux",
            "location": "eastasia",
            "name": "func-cloudstock-asia-777",
            "outbound_ip_address_list": [
              "13.75.116.148",
              "52.175.30.100",
              "52.175.25.219",
              "13.75.119.112",
              "20.189.109.109",
              "13.75.115.40"
            ],
            "outbound_ip_addresses": "13.75.116.148,52.175.30.100,52.175.25.219,13.75.119.112,20.189.109.109,13.75.115.40",
            "possible_outbound_ip_address_list": [
              "13.75.116.148",
              "52.175.30.100",
              "52.175.25.219",
              "13.75.119.112",
              "13.94.60.255",
              "13.94.43.96",
              "20.255.131.144",
              "20.255.131.152",
              "20.255.131.174",
              "20.255.131.186",
              "20.255.131.189",
              "20.255.131.190",
              "20.24.125.251",
              "20.24.126.18",
              "20.24.126.42",
              "20.24.126.47",
              "20.24.126.194",
              "20.24.126.243",
              "20.189.109.109",
              "13.75.115.40"
            ],
            "possible_outbound_ip_addresses": "13.75.116.148,52.175.30.100,52.175.25.219,13.75.119.112,13.94.60.255,13.94.43.96,20.255.131.144,20.255.131.152,20.255.131.174,20.255.131.186,20.255.131.189,20.255.131.190,20.24.125.251,20.24.126.18,20.24.126.42,20.24.126.47,20.24.126.194,20.24.126.243,20.189.109.109,13.75.115.40",
            "public_network_access_enabled": true,
            "resource_group_name": "rg-cloudstock-asia",
            "service_plan_id": "/subscriptions/ce8fc729-4cc7-4646-94c8-195eaed622db/resourceGroups/rg-cloudstock-asia/providers/Microsoft.Web/serverFarms/plan-cloudstock-func",
            "site_config": [
              {
                "always_on": false,
                "api_definition_url": "",
                "api_management_api_id": "",
                "app_command_line": "",
                "app_scale_limit": 200,
                "app_service_logs": [],
                "application_insights_connection_string": "",
                "application_insights_key": "",
                "application_stack": [
                  {
                    "docker": [],
                    "dotnet_version": "",
                    "java_version": "",
                    "node_version": "",
                    "powershell_core_version": "",
                    "python_version": "3.11",
                    "use_custom_runtime": false,
                    "use_dotnet_isolated_runtime": false
                  }
                ],
                "container_registry_managed_identity_client_id": "",
                "container_registry_use_managed_identity": false,
                "cors": [],
                "default_documents": [
                  "Default.htm",
                  "Default.html",
                  "Default.asp",
                  "index.htm",
                  "index.html",
                  "iisstart.htm",
                  "default.aspx",
                  "index.php"
                ],
                "detailed_error_logging_enabled": false,
                "elastic_instance_minimum": 1,
                "ftps_state": "Disabled",
                "health_check_eviction_time_in_min": 0,
                "health_check_path": "",
                "http2_enabled": false,
                "ip_restriction": [],
                "ip_restriction_default_action": "Allow",
                "linux_fx_version": "PYTHON|3.11",
                "load_balancing_mode": "LeastRequests",
                "managed_pipeline_mode": "Integrated",
                "minimum_tls_version": "1.2",
                "pre_warmed_instance_count": 0,
                "remote_debugging_enabled": false,
                "remote_debugging_version": "",
                "runtime_scale_monitoring_enabled": false,
                "scm_ip_restriction": [],
                "scm_ip_restriction_default_action": "Allow",
                "scm_minimum_tls_version": "1.2",
                "scm_type": "None",
                "scm_use_main_ip_restriction": false,
                "use_32_bit_worker": false,
                "vnet_route_all_enabled": false,
                "websockets_enabled": false,
                "worker_count": 1
              }
            ],
            "site_credential": [
              {
                "name": "$func-cloudstock-asia-777",
                "password": "8ExoMQKfcfRdJjJzPsimiknu1DMxSxnb2vuF9hdpTwgfigeLXT97xtF1vm4b"
              }
            ],
            "sticky_settings": [],
            "storage_account": [],
            "storage_account_access_key": "xitnD04AbT8egtrsmwmiguWVRW+SOJ6A0guCwGkl6zI+3SgqUpnFOb98U98/YzFZ5pxclt7bQXWi+AStvgKY4A==",
            "storage_account_name": "sacloudstockasia777",
            "storage_key_vault_secret_id": "",
            "storage_uses_managed_identity": false,
            "tags": {},
            "timeouts": null,
            "virtual_network_subnet_id": "",
            "webdeploy_publish_basic_authentication_enabled": true,
            "zip_deploy_file": ""
          },
          "sensitive_attributes": [
            [
              {
                "type": "get_attr",
                "value": "custom_domain_verification_id"
              }
            ],
            [
              {
                "type": "get_attr",
                "value": "site_config"
              },
              {
                "type": "index",
                "value": {
                  "value": 0,
                  "type": "number"
                }
              },
              {
                "type": "get_attr",
                "value": "application_insights_connection_string"
              }
            ],
            [
              {
                "type": "get_attr",
                "value": "site_config"
              },
              {
                "type": "index",
                "value": {
                  "value": 0,
                  "type": "number"
                }
              },
              {
                "type": "get_attr",
                "value": "application_insights_key"
              }
            ],
            [
              {
                "type": "get_attr",
                "value": "site_credential"
              }
            ],
            [
              {
                "type": "get_attr",
                "value": "storage_account_access_key"
              }
            ]
          ],
          "identity_schema_version": 0,
          "private": "eyJlMmJmYjczMC1lY2FhLTExZTYtOGY4OC0zNDM2M2JjN2M0YzAiOnsiY3JlYXRlIjoxODAwMDAwMDAwMDAwLCJkZWxldGUiOjE4MDAwMDAwMDAwMDAsInJlYWQiOjMwMDAwMDAwMDAwMCwidXBkYXRlIjoxODAwMDAwMDAwMDAwfSwic2NoZW1hX3ZlcnNpb24iOiIxIn0=",
          "dependencies": [
            "azurerm_key_vault.kv",
            "azurerm_key_vault_access_policy.admin_policy",
            "azurerm_key_vault_secret.db_conn",
            "azurerm_resource_group.rg",
            "azurerm_service_plan.app_plan",
            "azurerm_storage_account.sa",
            "data.azurerm_client_config.current"
          ]
        }
      ]
    },
    {
      "mode": "managed",
      "type": "azurerm_linux_virtual_machine",
      "name": "vm",
      "provider": "provider[\"registry.terraform.io/hashicorp/azurerm\"]",
      "instances": [
        {
          "schema_version": 0,
          "attributes": {
            "additional_capabilities": [],
            "admin_password": null,
            "admin_ssh_key": [
              {
                "public_key": "ssh-rsa AAAAB3NzaC1yc2EAAAADAQABAAACAQDI0WPeK9KkZVDp6LAR2kin4JDXUgl0N+2bsQTLQSeoLgDEdl5mWTkqpXVQ5nIjaT0JJYeFHWmshP0wbb/UlDywAaKUpAUGl8xVl/M+Irr8IYAvzQ1JE3+ByCvNWTVGUAlgS+SN3K4SY3F5HpJU6TlG0wRUPgrYa/o04d0fCtoNr57B/cj/BIo5JcoQ4OVRUxuNpSFoh4M3QwaARU4BuNPdeVl2zw4OQU64FGFzW0+VoheGeR4a+yvPeGxsDkebbZuX3A1zmfd8Z6EEPRVZOfoHEaBF+Sb1OAE4dHTgZnFeLDBEOmCXGqUSr2ovC8bHhTRwZiAyJ01atGiqr+ExIFfJvlAx/om40QUSy+fEegkLPnDt5ocTPYy7cmEk35dEr0cA86oAbmLPRHyNhGw3uH0MYpwy30KI6pPYtnO0SD9eVwTEkV1vWMZsCBp/i7rQAvdbrQLdQCehGnIhYFt7DGZvF/9+MHjhbItSFWOW2A63Vf1JmYj9zHUDldTnZDjB/QbIQuRBtYaDL/V8wxihgmHxmyMBPym6tYgfHJFA/5L/NDqY/m6Ul8Tg3e7o1qZzBGD+reOxJt6NpPr0CHMUVZ+H1nnEYS9oxUnUuNKVST6qzUFxzQ06700l63fS0XeEFJXTtDLJdUW0fy0m7nF0YBmZkRwqlId0wftpXhp6nobTrQ== satri@satria\r\n",
                "username": "adminuser"
              }
            ],
            "admin_username": "adminuser",
            "allow_extension_operations": true,
            "availability_set_id": "",
            "boot_diagnostics": [],
            "bypass_platform_safety_checks_on_user_schedule_enabled": false,
            "capacity_reservation_group_id": "",
            "computer_name": "vm-iot-simulator",
            "custom_data": null,
            "dedicated_host_group_id": "",
            "dedicated_host_id": "",
            "disable_password_authentication": true,
            "disk_controller_type": "",
            "edge_zone": "",
            "encryption_at_host_enabled": false,
            "eviction_policy": "",
            "extensions_time_budget": "PT1H30M",
            "gallery_application": [],
            "id": "/subscriptions/ce8fc729-4cc7-4646-94c8-195eaed622db/resourceGroups/rg-cloudstock-asia/providers/Microsoft.Compute/virtualMachines/vm-iot-simulator",
            "identity": [],
            "license_type": "",
            "location": "eastasia",
            "max_bid_price": -1,
            "name": "vm-iot-simulator",
            "network_interface_ids": [
              "/subscriptions/ce8fc729-4cc7-4646-94c8-195eaed622db/resourceGroups/rg-cloudstock-asia/providers/Microsoft.Network/networkInterfaces/nic-iot-simulator"
            ],
            "os_disk": [
              {
                "caching": "ReadWrite",
                "diff_disk_settings": [],
                "disk_encryption_set_id": "",
                "disk_size_gb": 30,
                "name": "vm-iot-simulator_OsDisk_1_c06888f4e0f9416da79daf1bd8775b6f",
                "secure_vm_disk_encryption_set_id": "",
                "security_encryption_type": "",
                "storage_account_type": "Standard_LRS",
                "write_accelerator_enabled": false
              }
            ],
            "os_image_notification": [],
            "patch_assessment_mode": "ImageDefault",
            "patch_mode": "ImageDefault",
            "plan": [],
            "platform_fault_domain": -1,
            "priority": "Regular",
            "private_ip_address": "10.0.1.4",
            "private_ip_addresses": [
              "10.0.1.4"
            ],
            "provision_vm_agent": true,
            "proximity_placement_group_id": "",
            "public_ip_address": "13.75.48.66",
            "public_ip_addresses": [
              "13.75.48.66"
            ],
            "reboot_setting": "",
            "resource_group_name": "rg-cloudstock-asia",
            "secret": [],
            "secure_boot_enabled": false,
            "size": "Standard_B2als_v2",
            "source_image_id": "",
            "source_image_reference": [
              {
                "offer": "UbuntuServer",
                "publisher": "Canonical",
                "sku": "18.04-LTS",
                "version": "latest"
              }
            ],
            "tags": {},
            "termination_notification": [],
            "timeouts": null,
            "user_data": "",
            "virtual_machine_id": "61349c05-6a22-4116-bada-13716419126c",
            "virtual_machine_scale_set_id": "",
            "vm_agent_platform_updates_enabled": true,
            "vtpm_enabled": false,
            "zone": ""
          },
          "sensitive_attributes": [
            [
              {
                "type": "get_attr",
                "value": "admin_password"
              }
            ],
            [
              {
                "type": "get_attr",
                "value": "custom_data"
              }
            ]
          ],
          "identity_schema_version": 0,
          "private": "eyJlMmJmYjczMC1lY2FhLTExZTYtOGY4OC0zNDM2M2JjN2M0YzAiOnsiY3JlYXRlIjoyNzAwMDAwMDAwMDAwLCJkZWxldGUiOjI3MDAwMDAwMDAwMDAsInJlYWQiOjMwMDAwMDAwMDAwMCwidXBkYXRlIjoyNzAwMDAwMDAwMDAwfX0=",
          "dependencies": [
            "azurerm_network_interface.nic",
            "azurerm_public_ip.pip",
            "azurerm_resource_group.rg",
            "azurerm_subnet.subnet_compute",
            "azurerm_virtual_network.vnet"
          ]
        }
      ]
    },
    {
      "mode": "managed",
      "type": "azurerm_network_interface",
      "name": "nic",
      "provider": "provider[\"registry.terraform.io/hashicorp/azurerm\"]",
      "instances": [
        {
          "schema_version": 0,
          "attributes": {
            "accelerated_networking_enabled": false,
            "applied_dns_servers": [],
            "auxiliary_mode": "",
            "auxiliary_sku": "",
            "dns_servers": [],
            "edge_zone": "",
            "enable_accelerated_networking": false,
            "enable_ip_forwarding": false,
            "id": "/subscriptions/ce8fc729-4cc7-4646-94c8-195eaed622db/resourceGroups/rg-cloudstock-asia/providers/Microsoft.Network/networkInterfaces/nic-iot-simulator",
            "internal_dns_name_label": "",
            "internal_domain_name_suffix": "s3c520hsj5tejmr2xlodfmwigh.hx.internal.cloudapp.net",
            "ip_configuration": [
              {
                "gateway_load_balancer_frontend_ip_configuration_id": "",
                "name": "internal",
                "primary": true,
                "private_ip_address": "10.0.1.4",
                "private_ip_address_allocation": "Dynamic",
                "private_ip_address_version": "IPv4",
                "public_ip_address_id": "/subscriptions/ce8fc729-4cc7-4646-94c8-195eaed622db/resourceGroups/rg-cloudstock-asia/providers/Microsoft.Network/publicIPAddresses/pip-iot-simulator",
                "subnet_id": "/subscriptions/ce8fc729-4cc7-4646-94c8-195eaed622db/resourceGroups/rg-cloudstock-asia/providers/Microsoft.Network/virtualNetworks/vnet-cloudstock/subnets/subnet-compute"
              }
            ],
            "ip_forwarding_enabled": false,
            "location": "eastasia",
            "mac_address": "60-45-BD-5A-B6-24",
            "name": "nic-iot-simulator",
            "private_ip_address": "10.0.1.4",
            "private_ip_addresses": [
              "10.0.1.4"
            ],
            "resource_group_name": "rg-cloudstock-asia",
            "tags": {},
            "timeouts": null,
            "virtual_machine_id": "/subscriptions/ce8fc729-4cc7-4646-94c8-195eaed622db/resourceGroups/rg-cloudstock-asia/providers/Microsoft.Compute/virtualMachines/vm-iot-simulator"
          },
          "sensitive_attributes": [],
          "identity_schema_version": 0,
          "private": "eyJlMmJmYjczMC1lY2FhLTExZTYtOGY4OC0zNDM2M2JjN2M0YzAiOnsiY3JlYXRlIjoxODAwMDAwMDAwMDAwLCJkZWxldGUiOjE4MDAwMDAwMDAwMDAsInJlYWQiOjMwMDAwMDAwMDAwMCwidXBkYXRlIjoxODAwMDAwMDAwMDAwfX0=",
          "dependencies": [
            "azurerm_public_ip.pip",
            "azurerm_resource_group.rg",
            "azurerm_subnet.subnet_compute",
            "azurerm_virtual_network.vnet"
          ]
        }
      ]
    },
    {
      "mode": "managed",
      "type": "azurerm_network_security_group",
      "name": "nsg",
      "provider": "provider[\"registry.terraform.io/hashicorp/azurerm\"]",
      "instances": [
        {
          "schema_version": 0,
          "attributes": {
            "id": "/subscriptions/ce8fc729-4cc7-4646-94c8-195eaed622db/resourceGroups/rg-cloudstock-asia/providers/Microsoft.Network/networkSecurityGroups/nsg-cloudstock",
            "location": "eastasia",
            "name": "nsg-cloudstock",
            "resource_group_name": "rg-cloudstock-asia",
            "security_rule": [
              {
                "access": "Allow",
                "description": "",
                "destination_address_prefix": "*",
                "destination_address_prefixes": [],
                "destination_application_security_group_ids": [],
                "destination_port_range": "22",
                "destination_port_ranges": [],
                "direction": "Inbound",
                "name": "Allow-SSH",
                "priority": 1001,
                "protocol": "Tcp",
                "source_address_prefix": "*",
                "source_address_prefixes": [],
                "source_application_security_group_ids": [],
                "source_port_range": "*",
                "source_port_ranges": []
              }
            ],
            "tags": {},
            "timeouts": null
          },
          "sensitive_attributes": [],
          "identity_schema_version": 0,
          "private": "eyJlMmJmYjczMC1lY2FhLTExZTYtOGY4OC0zNDM2M2JjN2M0YzAiOnsiY3JlYXRlIjoxODAwMDAwMDAwMDAwLCJkZWxldGUiOjE4MDAwMDAwMDAwMDAsInJlYWQiOjMwMDAwMDAwMDAwMCwidXBkYXRlIjoxODAwMDAwMDAwMDAwfX0=",
          "dependencies": [
            "azurerm_resource_group.rg"
          ]
        }
      ]
    },
    {
      "mode": "managed",
      "type": "azurerm_public_ip",
      "name": "pip",
      "provider": "provider[\"registry.terraform.io/hashicorp/azurerm\"]",
      "instances": [
        {
          "schema_version": 0,
          "attributes": {
            "allocation_method": "Static",
            "ddos_protection_mode": "VirtualNetworkInherited",
            "ddos_protection_plan_id": null,
            "domain_name_label": null,
            "edge_zone": "",
            "fqdn": null,
            "id": "/subscriptions/ce8fc729-4cc7-4646-94c8-195eaed622db/resourceGroups/rg-cloudstock-asia/providers/Microsoft.Network/publicIPAddresses/pip-iot-simulator",
            "idle_timeout_in_minutes": 4,
            "ip_address": "13.75.48.66",
            "ip_tags": {},
            "ip_version": "IPv4",
            "location": "eastasia",
            "name": "pip-iot-simulator",
            "public_ip_prefix_id": null,
            "resource_group_name": "rg-cloudstock-asia",
            "reverse_fqdn": null,
            "sku": "Standard",
            "sku_tier": "Regional",
            "tags": {},
            "timeouts": null,
            "zones": []
          },
          "sensitive_attributes": [],
          "identity_schema_version": 0,
          "private": "eyJlMmJmYjczMC1lY2FhLTExZTYtOGY4OC0zNDM2M2JjN2M0YzAiOnsiY3JlYXRlIjoxODAwMDAwMDAwMDAwLCJkZWxldGUiOjE4MDAwMDAwMDAwMDAsInJlYWQiOjMwMDAwMDAwMDAwMCwidXBkYXRlIjoxODAwMDAwMDAwMDAwfX0=",
          "dependencies": [
            "azurerm_resource_group.rg"
          ]
        }
      ]
    },
    {
      "mode": "managed",
      "type": "azurerm_resource_group",
      "name": "rg",
      "provider": "provider[\"registry.terraform.io/hashicorp/azurerm\"]",
      "instances": [
        {
          "schema_version": 0,
          "attributes": {
            "id": "/subscriptions/ce8fc729-4cc7-4646-94c8-195eaed622db/resourceGroups/rg-cloudstock-asia",
            "location": "eastasia",
            "managed_by": "",
            "name": "rg-cloudstock-asia",
            "tags": {},
            "timeouts": null
          },
          "sensitive_attributes": [],
          "identity_schema_version": 0,
          "private": "eyJlMmJmYjczMC1lY2FhLTExZTYtOGY4OC0zNDM2M2JjN2M0YzAiOnsiY3JlYXRlIjo1NDAwMDAwMDAwMDAwLCJkZWxldGUiOjU0MDAwMDAwMDAwMDAsInJlYWQiOjMwMDAwMDAwMDAwMCwidXBkYXRlIjo1NDAwMDAwMDAwMDAwfX0="
        }
      ]
    },
    {
      "mode": "managed",
      "type": "azurerm_service_plan",
      "name": "app_plan",
      "provider": "provider[\"registry.terraform.io/hashicorp/azurerm\"]",
      "instances": [
        {
          "schema_version": 1,
          "attributes": {
            "app_service_environment_id": "",
            "id": "/subscriptions/ce8fc729-4cc7-4646-94c8-195eaed622db/resourceGroups/rg-cloudstock-asia/providers/Microsoft.Web/serverFarms/plan-cloudstock-func",
            "kind": "functionapp",
            "location": "eastasia",
            "maximum_elastic_worker_count": 1,
            "name": "plan-cloudstock-func",
            "os_type": "Linux",
            "per_site_scaling_enabled": false,
            "reserved": true,
            "resource_group_name": "rg-cloudstock-asia",
            "sku_name": "Y1",
            "tags": {},
            "timeouts": null,
            "worker_count": 0,
            "zone_balancing_enabled": false
          },
          "sensitive_attributes": [],
          "identity_schema_version": 0,
          "private": "eyJlMmJmYjczMC1lY2FhLTExZTYtOGY4OC0zNDM2M2JjN2M0YzAiOnsiY3JlYXRlIjozNjAwMDAwMDAwMDAwLCJkZWxldGUiOjM2MDAwMDAwMDAwMDAsInJlYWQiOjMwMDAwMDAwMDAwMCwidXBkYXRlIjozNjAwMDAwMDAwMDAwfSwic2NoZW1hX3ZlcnNpb24iOiIxIn0=",
          "dependencies": [
            "azurerm_resource_group.rg"
          ]
        }
      ]
    },
    {
      "mode": "managed",
      "type": "azurerm_storage_account",
      "name": "sa",
      "provider": "provider[\"registry.terraform.io/hashicorp/azurerm\"]",
      "instances": [
        {
          "schema_version": 4,
          "attributes": {
            "access_tier": "Hot",
            "account_kind": "StorageV2",
            "account_replication_type": "LRS",
            "account_tier": "Standard",
            "allow_nested_items_to_be_public": true,
            "allowed_copy_scope": "",
            "azure_files_authentication": [],
            "blob_properties": [
              {
                "change_feed_enabled": false,
                "change_feed_retention_in_days": 0,
                "container_delete_retention_policy": [],
                "cors_rule": [],
                "default_service_version": "",
                "delete_retention_policy": [],
                "last_access_time_enabled": false,
                "restore_policy": [],
                "versioning_enabled": false
              }
            ],
            "cross_tenant_replication_enabled": true,
            "custom_domain": [],
            "customer_managed_key": [],
            "default_to_oauth_authentication": false,
            "dns_endpoint_type": "Standard",
            "edge_zone": "",
            "enable_https_traffic_only": true,
            "https_traffic_only_enabled": true,
            "id": "/subscriptions/ce8fc729-4cc7-4646-94c8-195eaed622db/resourceGroups/rg-cloudstock-asia/providers/Microsoft.Storage/storageAccounts/sacloudstockasia777",
            "identity": [],
            "immutability_policy": [],
            "infrastructure_encryption_enabled": false,
            "is_hns_enabled": false,
            "large_file_share_enabled": false,
            "local_user_enabled": true,
            "location": "eastasia",
            "min_tls_version": "TLS1_2",
            "name": "sacloudstockasia777",
            "network_rules": [],
            "nfsv3_enabled": false,
            "primary_access_key": "xitnD04AbT8egtrsmwmiguWVRW+SOJ6A0guCwGkl6zI+3SgqUpnFOb98U98/YzFZ5pxclt7bQXWi+AStvgKY4A==",
            "primary_blob_connection_string": "DefaultEndpointsProtocol=https;BlobEndpoint=https://sacloudstockasia777.blob.core.windows.net/;AccountName=sacloudstockasia777;AccountKey=xitnD04AbT8egtrsmwmiguWVRW+SOJ6A0guCwGkl6zI+3SgqUpnFOb98U98/YzFZ5pxclt7bQXWi+AStvgKY4A==",
            "primary_blob_endpoint": "https://sacloudstockasia777.blob.core.windows.net/",
            "primary_blob_host": "sacloudstockasia777.blob.core.windows.net",
            "primary_blob_internet_endpoint": "",
            "primary_blob_internet_host": "",
            "primary_blob_microsoft_endpoint": "",
            "primary_blob_microsoft_host": "",
            "primary_connection_string": "DefaultEndpointsProtocol=https;AccountName=sacloudstockasia777;AccountKey=xitnD04AbT8egtrsmwmiguWVRW+SOJ6A0guCwGkl6zI+3SgqUpnFOb98U98/YzFZ5pxclt7bQXWi+AStvgKY4A==;EndpointSuffix=core.windows.net",
            "primary_dfs_endpoint": "https://sacloudstockasia777.dfs.core.windows.net/",
            "primary_dfs_host": "sacloudstockasia777.dfs.core.windows.net",
            "primary_dfs_internet_endpoint": "",
            "primary_dfs_internet_host": "",
            "primary_dfs_microsoft_endpoint": "",
            "primary_dfs_microsoft_host": "",
            "primary_file_endpoint": "https://sacloudstockasia777.file.core.windows.net/",
            "primary_file_host": "sacloudstockasia777.file.core.windows.net",
            "primary_file_internet_endpoint": "",
            "primary_file_internet_host": "",
            "primary_file_microsoft_endpoint": "",
            "primary_file_microsoft_host": "",
            "primary_location": "eastasia",
            "primary_queue_endpoint": "https://sacloudstockasia777.queue.core.windows.net/",
            "primary_queue_host": "sacloudstockasia777.queue.core.windows.net",
            "primary_queue_microsoft_endpoint": "",
            "primary_queue_microsoft_host": "",
            "primary_table_endpoint": "https://sacloudstockasia777.table.core.windows.net/",
            "primary_table_host": "sacloudstockasia777.table.core.windows.net",
            "primary_table_microsoft_endpoint": "",
            "primary_table_microsoft_host": "",
            "primary_web_endpoint": "https://sacloudstockasia777.z7.web.core.windows.net/",
            "primary_web_host": "sacloudstockasia777.z7.web.core.windows.net",
            "primary_web_internet_endpoint": "",
            "primary_web_internet_host": "",
            "primary_web_microsoft_endpoint": "",
            "primary_web_microsoft_host": "",
            "public_network_access_enabled": true,
            "queue_encryption_key_type": "Service",
            "queue_properties": [
              {
                "cors_rule": [],
                "hour_metrics": [
                  {
                    "enabled": false,
                    "include_apis": false,
                    "retention_policy_days": 0,
                    "version": "1.0"
                  }
                ],
                "logging": [
                  {
                    "delete": false,
                    "read": false,
                    "retention_policy_days": 0,
                    "version": "1.0",
                    "write": false
                  }
                ],
                "minute_metrics": [
                  {
                    "enabled": false,
                    "include_apis": false,
                    "retention_policy_days": 0,
                    "version": "1.0"
                  }
                ]
              }
            ],
            "resource_group_name": "rg-cloudstock-asia",
            "routing": [],
            "sas_policy": [],
            "secondary_access_key": "ETUiIy+SNmn+HdgTWe24VQPDGFoe5Go2mMhgPhO8C6JqLgRY+LzTT81vW8L+Khg+7Y5jpvJ4J7wP+AStgLR9Lg==",
            "secondary_blob_connection_string": "",
            "secondary_blob_endpoint": "",
            "secondary_blob_host": "",
            "secondary_blob_internet_endpoint": "",
            "secondary_blob_internet_host": "",
            "secondary_blob_microsoft_endpoint": "",
            "secondary_blob_microsoft_host": "",
            "secondary_connection_string": "DefaultEndpointsProtocol=https;AccountName=sacloudstockasia777;AccountKey=ETUiIy+SNmn+HdgTWe24VQPDGFoe5Go2mMhgPhO8C6JqLgRY+LzTT81vW8L+Khg+7Y5jpvJ4J7wP+AStgLR9Lg==;EndpointSuffix=core.windows.net",
            "secondary_dfs_endpoint": "",
            "secondary_dfs_host": "",
            "secondary_dfs_internet_endpoint": "",
            "secondary_dfs_internet_host": "",
            "secondary_dfs_microsoft_endpoint": "",
            "secondary_dfs_microsoft_host": "",
            "secondary_file_endpoint": "",
            "secondary_file_host": "",
            "secondary_file_internet_endpoint": "",
            "secondary_file_internet_host": "",
            "secondary_file_microsoft_endpoint": "",
            "secondary_file_microsoft_host": "",
            "secondary_location": "",
            "secondary_queue_endpoint": "",
            "secondary_queue_host": "",
            "secondary_queue_microsoft_endpoint": "",
            "secondary_queue_microsoft_host": "",
            "secondary_table_endpoint": "",
            "secondary_table_host": "",
            "secondary_table_microsoft_endpoint": "",
            "secondary_table_microsoft_host": "",
            "secondary_web_endpoint": "",
            "secondary_web_host": "",
            "secondary_web_internet_endpoint": "",
            "secondary_web_internet_host": "",
            "secondary_web_microsoft_endpoint": "",
            "secondary_web_microsoft_host": "",
            "sftp_enabled": false,
            "share_properties": [
              {
                "cors_rule": [],
                "retention_policy": [
                  {
                    "days": 7
                  }
                ],
                "smb": []
              }
            ],
            "shared_access_key_enabled": true,
            "static_website": [
              {
                "error_404_document": "404.html",
                "index_document": "index.html"
              }
            ],
            "table_encryption_key_type": "Service",
            "tags": {},
            "timeouts": null
          },
          "sensitive_attributes": [
            [
              {
                "type": "get_attr",
                "value": "primary_access_key"
              }
            ],
            [
              {
                "type": "get_attr",
                "value": "primary_blob_connection_string"
              }
            ],
            [
              {
                "type": "get_attr",
                "value": "primary_connection_string"
              }
            ],
            [
              {
                "type": "get_attr",
                "value": "secondary_access_key"
              }
            ],
            [
              {
                "type": "get_attr",
                "value": "secondary_blob_connection_string"
              }
            ],
            [
              {
                "type": "get_attr",
                "value": "secondary_connection_string"
              }
            ]
          ],
          "identity_schema_version": 0,
          "private": "eyJlMmJmYjczMC1lY2FhLTExZTYtOGY4OC0zNDM2M2JjN2M0YzAiOnsiY3JlYXRlIjozNjAwMDAwMDAwMDAwLCJkZWxldGUiOjM2MDAwMDAwMDAwMDAsInJlYWQiOjMwMDAwMDAwMDAwMCwidXBkYXRlIjozNjAwMDAwMDAwMDAwfSwic2NoZW1hX3ZlcnNpb24iOiI0In0=",
          "dependencies": [
            "azurerm_resource_group.rg"
          ]
        }
      ]
    },
    {
      "mode": "managed",
      "type": "azurerm_storage_container",
      "name": "assets",
      "provider": "provider[\"registry.terraform.io/hashicorp/azurerm\"]",
      "instances": [
        {
          "schema_version": 1,
          "attributes": {
            "container_access_type": "blob",
            "default_encryption_scope": "$account-encryption-key",
            "encryption_scope_override_enabled": true,
            "has_immutability_policy": false,
            "has_legal_hold": false,
            "id": "https://sacloudstockasia777.blob.core.windows.net/web-assets",
            "metadata": {},
            "name": "web-assets",
            "resource_manager_id": "/subscriptions/ce8fc729-4cc7-4646-94c8-195eaed622db/resourceGroups/rg-cloudstock-asia/providers/Microsoft.Storage/storageAccounts/sacloudstockasia777/blobServices/default/containers/web-assets",
            "storage_account_name": "sacloudstockasia777",
            "timeouts": null
          },
          "sensitive_attributes": [],
          "identity_schema_version": 0,
          "private": "eyJlMmJmYjczMC1lY2FhLTExZTYtOGY4OC0zNDM2M2JjN2M0YzAiOnsiY3JlYXRlIjoxODAwMDAwMDAwMDAwLCJkZWxldGUiOjE4MDAwMDAwMDAwMDAsInJlYWQiOjMwMDAwMDAwMDAwMCwidXBkYXRlIjoxODAwMDAwMDAwMDAwfSwic2NoZW1hX3ZlcnNpb24iOiIxIn0=",
          "dependencies": [
            "azurerm_resource_group.rg",
            "azurerm_storage_account.sa"
          ]
        }
      ]
    },
    {
      "mode": "managed",
      "type": "azurerm_storage_table",
      "name": "table",
      "provider": "provider[\"registry.terraform.io/hashicorp/azurerm\"]",
      "instances": [
        {
          "schema_version": 2,
          "attributes": {
            "acl": [],
            "id": "https://sacloudstockasia777.table.core.windows.net/Tables('StockDataTable')",
            "name": "StockDataTable",
            "storage_account_name": "sacloudstockasia777",
            "timeouts": null
          },
          "sensitive_attributes": [],
          "identity_schema_version": 0,
          "private": "eyJlMmJmYjczMC1lY2FhLTExZTYtOGY4OC0zNDM2M2JjN2M0YzAiOnsiY3JlYXRlIjoxODAwMDAwMDAwMDAwLCJkZWxldGUiOjE4MDAwMDAwMDAwMDAsInJlYWQiOjMwMDAwMDAwMDAwMCwidXBkYXRlIjoxODAwMDAwMDAwMDAwfSwic2NoZW1hX3ZlcnNpb24iOiIyIn0=",
          "dependencies": [
            "azurerm_resource_group.rg",
            "azurerm_storage_account.sa"
          ]
        }
      ]
    },
    {
      "mode": "managed",
      "type": "azurerm_subnet",
      "name": "subnet_compute",
      "provider": "provider[\"registry.terraform.io/hashicorp/azurerm\"]",
      "instances": [
        {
          "schema_version": 0,
          "attributes": {
            "address_prefixes": [
              "10.0.1.0/24"
            ],
            "default_outbound_access_enabled": true,
            "delegation": [],
            "enforce_private_link_endpoint_network_policies": false,
            "enforce_private_link_service_network_policies": false,
            "id": "/subscriptions/ce8fc729-4cc7-4646-94c8-195eaed622db/resourceGroups/rg-cloudstock-asia/providers/Microsoft.Network/virtualNetworks/vnet-cloudstock/subnets/subnet-compute",
            "name": "subnet-compute",
            "private_endpoint_network_policies": "Enabled",
            "private_endpoint_network_policies_enabled": true,
            "private_link_service_network_policies_enabled": true,
            "resource_group_name": "rg-cloudstock-asia",
            "service_endpoint_policy_ids": [],
            "service_endpoints": [],
            "timeouts": null,
            "virtual_network_name": "vnet-cloudstock"
          },
          "sensitive_attributes": [],
          "identity_schema_version": 0,
          "private": "eyJlMmJmYjczMC1lY2FhLTExZTYtOGY4OC0zNDM2M2JjN2M0YzAiOnsiY3JlYXRlIjoxODAwMDAwMDAwMDAwLCJkZWxldGUiOjE4MDAwMDAwMDAwMDAsInJlYWQiOjMwMDAwMDAwMDAwMCwidXBkYXRlIjoxODAwMDAwMDAwMDAwfX0=",
          "dependencies": [
            "azurerm_resource_group.rg",
            "azurerm_virtual_network.vnet"
          ]
        }
      ]
    },
    {
      "mode": "managed",
      "type": "azurerm_virtual_network",
      "name": "vnet",
      "provider": "provider[\"registry.terraform.io/hashicorp/azurerm\"]",
      "instances": [
        {
          "schema_version": 0,
          "attributes": {
            "address_space": [
              "10.0.0.0/16"
            ],
            "bgp_community": "",
            "ddos_protection_plan": [],
            "dns_servers": [],
            "edge_zone": "",
            "encryption": [],
            "flow_timeout_in_minutes": 0,
            "guid": "68fe4597-4ff2-44e6-b23c-badc32b2c837",
            "id": "/subscriptions/ce8fc729-4cc7-4646-94c8-195eaed622db/resourceGroups/rg-cloudstock-asia/providers/Microsoft.Network/virtualNetworks/vnet-cloudstock",
            "location": "eastasia",
            "name": "vnet-cloudstock",
            "resource_group_name": "rg-cloudstock-asia",
            "subnet": [
              {
                "address_prefix": "10.0.1.0/24",
                "id": "/subscriptions/ce8fc729-4cc7-4646-94c8-195eaed622db/resourceGroups/rg-cloudstock-asia/providers/Microsoft.Network/virtualNetworks/vnet-cloudstock/subnets/subnet-compute",
                "name": "subnet-compute",
                "security_group": "/subscriptions/ce8fc729-4cc7-4646-94c8-195eaed622db/resourceGroups/rg-cloudstock-asia/providers/Microsoft.Network/networkSecurityGroups/nsg-cloudstock"
              }
            ],
            "tags": {},
            "timeouts": null
          },
          "sensitive_attributes": [],
          "identity_schema_version": 0,
          "private": "eyJlMmJmYjczMC1lY2FhLTExZTYtOGY4OC0zNDM2M2JjN2M0YzAiOnsiY3JlYXRlIjoxODAwMDAwMDAwMDAwLCJkZWxldGUiOjE4MDAwMDAwMDAwMDAsInJlYWQiOjMwMDAwMDAwMDAwMCwidXBkYXRlIjoxODAwMDAwMDAwMDAwfX0=",
          "dependencies": [
            "azurerm_resource_group.rg"
          ]
        }
      ]
    }
  ],
  "check_results": null
}
